
Microsoft Visual Studio Solution File, Format Version 12.00
# Visual Studio 15
VisualStudioVersion = 15.0.28307.329
MinimumVisualStudioVersion = 10.0.40219.1
Project("{FAE04EC0-301F-11D3-BF4B-00C04F79EFBC}") = "Saboteur", "Saboteur.csproj", "{CA845145-1D9B-44C7-BE57-D381B988A477}"
EndProject
Project("{FAE04EC0-301F-11D3-BF4B-00C04F79EFBC}") = "Server", "..\Server\Server.csproj", "{F4BC70B9-FF2B-4DAD-9F48-BC67C0E0BD0B}"
EndProject
Project("{FAE04EC0-301F-11D3-BF4B-00C04F79EFBC}") = "CommonLibrary", "..\CommonLibrary\CommonLibrary.csproj", "{03AA8623-E629-47EA-A0D2-458B5627016A}"
EndProject
Project("{FAE04EC0-301F-11D3-BF4B-00C04F79EFBC}") = "ClientLibrary", "..\ClientLibrary\ClientLibrary.csproj", "{DC7BDE3F-C5D1-4613-AB80-F892B4C78B82}"
EndProject
Project("{FAE04EC0-301F-11D3-BF4B-00C04F79EFBC}") = "AndroidClient", "..\AndroidClient\AndroidClient.csproj", "{17EA0C9E-EC9D-4DC1-AFC0-08DE0FDF72C5}"
EndProject
Project("{FAE04EC0-301F-11D3-BF4B-00C04F79EFBC}") = "XamarinApp.Android", "..\XamarinApp\XamarinApp.Android\XamarinApp.Android.csproj", "{CA075E49-D4A8-4D20-AB5D-F526C93DF53D}"
EndProject
Project("{FAE04EC0-301F-11D3-BF4B-00C04F79EFBC}") = "XamarinApp.UWP", "..\XamarinApp\XamarinApp.UWP\XamarinApp.UWP.csproj", "{18A5D473-A8D3-49D2-B8CE-E5F62493B3A1}"
EndProject
Project("{FAE04EC0-301F-11D3-BF4B-00C04F79EFBC}") = "XamarinApp", "..\XamarinApp\XamarinApp\XamarinApp.csproj", "{E6746793-AD95-4C60-B75A-591CC298796C}"
EndProject
Global
	GlobalSection(SolutionConfigurationPlatforms) = preSolution
		Debug|Any CPU = Debug|Any CPU
		Debug|ARM = Debug|ARM
		Debug|x64 = Debug|x64
		Debug|x86 = Debug|x86
		Release|Any CPU = Release|Any CPU
		Release|ARM = Release|ARM
		Release|x64 = Release|x64
		Release|x86 = Release|x86
	EndGlobalSection
	GlobalSection(ProjectConfigurationPlatforms) = postSolution
		{CA845145-1D9B-44C7-BE57-D381B988A477}.Debug|Any CPU.ActiveCfg = Debug|Any CPU
		{CA845145-1D9B-44C7-BE57-D381B988A477}.Debug|Any CPU.Build.0 = Debug|Any CPU
		{CA845145-1D9B-44C7-BE57-D381B988A477}.Debug|ARM.ActiveCfg = Debug|Any CPU
		{CA845145-1D9B-44C7-BE57-D381B988A477}.Debug|ARM.Build.0 = Debug|Any CPU
		{CA845145-1D9B-44C7-BE57-D381B988A477}.Debug|x64.ActiveCfg = Debug|Any CPU
		{CA845145-1D9B-44C7-BE57-D381B988A477}.Debug|x64.Build.0 = Debug|Any CPU
		{CA845145-1D9B-44C7-BE57-D381B988A477}.Debug|x86.ActiveCfg = Debug|Any CPU
		{CA845145-1D9B-44C7-BE57-D381B988A477}.Debug|x86.Build.0 = Debug|Any CPU
		{CA845145-1D9B-44C7-BE57-D381B988A477}.Release|Any CPU.ActiveCfg = Release|Any CPU
		{CA845145-1D9B-44C7-BE57-D381B988A477}.Release|Any CPU.Build.0 = Release|Any CPU
		{CA845145-1D9B-44C7-BE57-D381B988A477}.Release|ARM.ActiveCfg = Release|Any CPU
		{CA845145-1D9B-44C7-BE57-D381B988A477}.Release|ARM.Build.0 = Release|Any CPU
		{CA845145-1D9B-44C7-BE57-D381B988A477}.Release|x64.ActiveCfg = Release|Any CPU
		{CA845145-1D9B-44C7-BE57-D381B988A477}.Release|x64.Build.0 = Release|Any CPU
		{CA845145-1D9B-44C7-BE57-D381B988A477}.Release|x86.ActiveCfg = Release|Any CPU
		{CA845145-1D9B-44C7-BE57-D381B988A477}.Release|x86.Build.0 = Release|Any CPU
		{F4BC70B9-FF2B-4DAD-9F48-BC67C0E0BD0B}.Debug|Any CPU.ActiveCfg = Debug|Any CPU
		{F4BC70B9-FF2B-4DAD-9F48-BC67C0E0BD0B}.Debug|Any CPU.Build.0 = Debug|Any CPU
		{F4BC70B9-FF2B-4DAD-9F48-BC67C0E0BD0B}.Debug|ARM.ActiveCfg = Debug|Any CPU
		{F4BC70B9-FF2B-4DAD-9F48-BC67C0E0BD0B}.Debug|ARM.Build.0 = Debug|Any CPU
		{F4BC70B9-FF2B-4DAD-9F48-BC67C0E0BD0B}.Debug|x64.ActiveCfg = Debug|Any CPU
		{F4BC70B9-FF2B-4DAD-9F48-BC67C0E0BD0B}.Debug|x64.Build.0 = Debug|Any CPU
		{F4BC70B9-FF2B-4DAD-9F48-BC67C0E0BD0B}.Debug|x86.ActiveCfg = Debug|Any CPU
		{F4BC70B9-FF2B-4DAD-9F48-BC67C0E0BD0B}.Debug|x86.Build.0 = Debug|Any CPU
		{F4BC70B9-FF2B-4DAD-9F48-BC67C0E0BD0B}.Release|Any CPU.ActiveCfg = Release|Any CPU
		{F4BC70B9-FF2B-4DAD-9F48-BC67C0E0BD0B}.Release|Any CPU.Build.0 = Release|Any CPU
		{F4BC70B9-FF2B-4DAD-9F48-BC67C0E0BD0B}.Release|ARM.ActiveCfg = Release|Any CPU
		{F4BC70B9-FF2B-4DAD-9F48-BC67C0E0BD0B}.Release|ARM.Build.0 = Release|Any CPU
		{F4BC70B9-FF2B-4DAD-9F48-BC67C0E0BD0B}.Release|x64.ActiveCfg = Release|Any CPU
		{F4BC70B9-FF2B-4DAD-9F48-BC67C0E0BD0B}.Release|x64.Build.0 = Release|Any CPU
		{F4BC70B9-FF2B-4DAD-9F48-BC67C0E0BD0B}.Release|x86.ActiveCfg = Release|Any CPU
		{F4BC70B9-FF2B-4DAD-9F48-BC67C0E0BD0B}.Release|x86.Build.0 = Release|Any CPU
		{03AA8623-E629-47EA-A0D2-458B5627016A}.Debug|Any CPU.ActiveCfg = Debug|Any CPU
		{03AA8623-E629-47EA-A0D2-458B5627016A}.Debug|Any CPU.Build.0 = Debug|Any CPU
		{03AA8623-E629-47EA-A0D2-458B5627016A}.Debug|ARM.ActiveCfg = Debug|Any CPU
		{03AA8623-E629-47EA-A0D2-458B5627016A}.Debug|ARM.Build.0 = Debug|Any CPU
		{03AA8623-E629-47EA-A0D2-458B5627016A}.Debug|x64.ActiveCfg = Debug|Any CPU
		{03AA8623-E629-47EA-A0D2-458B5627016A}.Debug|x64.Build.0 = Debug|Any CPU
		{03AA8623-E629-47EA-A0D2-458B5627016A}.Debug|x86.ActiveCfg = Debug|Any CPU
		{03AA8623-E629-47EA-A0D2-458B5627016A}.Debug|x86.Build.0 = Debug|Any CPU
		{03AA8623-E629-47EA-A0D2-458B5627016A}.Release|Any CPU.ActiveCfg = Release|Any CPU
		{03AA8623-E629-47EA-A0D2-458B5627016A}.Release|Any CPU.Build.0 = Release|Any CPU
		{03AA8623-E629-47EA-A0D2-458B5627016A}.Release|ARM.ActiveCfg = Release|Any CPU
		{03AA8623-E629-47EA-A0D2-458B5627016A}.Release|ARM.Build.0 = Release|Any CPU
		{03AA8623-E629-47EA-A0D2-458B5627016A}.Release|x64.ActiveCfg = Release|Any CPU
		{03AA8623-E629-47EA-A0D2-458B5627016A}.Release|x64.Build.0 = Release|Any CPU
		{03AA8623-E629-47EA-A0D2-458B5627016A}.Release|x86.ActiveCfg = Release|Any CPU
		{03AA8623-E629-47EA-A0D2-458B5627016A}.Release|x86.Build.0 = Release|Any CPU
		{DC7BDE3F-C5D1-4613-AB80-F892B4C78B82}.Debug|Any CPU.ActiveCfg = Debug|Any CPU
		{DC7BDE3F-C5D1-4613-AB80-F892B4C78B82}.Debug|Any CPU.Build.0 = Debug|Any CPU
		{DC7BDE3F-C5D1-4613-AB80-F892B4C78B82}.Debug|ARM.ActiveCfg = Debug|Any CPU
		{DC7BDE3F-C5D1-4613-AB80-F892B4C78B82}.Debug|ARM.Build.0 = Debug|Any CPU
		{DC7BDE3F-C5D1-4613-AB80-F892B4C78B82}.Debug|x64.ActiveCfg = Debug|Any CPU
		{DC7BDE3F-C5D1-4613-AB80-F892B4C78B82}.Debug|x64.Build.0 = Debug|Any CPU
		{DC7BDE3F-C5D1-4613-AB80-F892B4C78B82}.Debug|x86.ActiveCfg = Debug|Any CPU
		{DC7BDE3F-C5D1-4613-AB80-F892B4C78B82}.Debug|x86.Build.0 = Debug|Any CPU
		{DC7BDE3F-C5D1-4613-AB80-F892B4C78B82}.Release|Any CPU.ActiveCfg = Release|Any CPU
		{DC7BDE3F-C5D1-4613-AB80-F892B4C78B82}.Release|Any CPU.Build.0 = Release|Any CPU
		{DC7BDE3F-C5D1-4613-AB80-F892B4C78B82}.Release|ARM.ActiveCfg = Release|Any CPU
		{DC7BDE3F-C5D1-4613-AB80-F892B4C78B82}.Release|ARM.Build.0 = Release|Any CPU
		{DC7BDE3F-C5D1-4613-AB80-F892B4C78B82}.Release|x64.ActiveCfg = Release|Any CPU
		{DC7BDE3F-C5D1-4613-AB80-F892B4C78B82}.Release|x64.Build.0 = Release|Any CPU
		{DC7BDE3F-C5D1-4613-AB80-F892B4C78B82}.Release|x86.ActiveCfg = Release|Any CPU
		{DC7BDE3F-C5D1-4613-AB80-F892B4C78B82}.Release|x86.Build.0 = Release|Any CPU
		{17EA0C9E-EC9D-4DC1-AFC0-08DE0FDF72C5}.Debug|Any CPU.ActiveCfg = Debug|Any CPU
		{17EA0C9E-EC9D-4DC1-AFC0-08DE0FDF72C5}.Debug|Any CPU.Build.0 = Debug|Any CPU
		{17EA0C9E-EC9D-4DC1-AFC0-08DE0FDF72C5}.Debug|Any CPU.Deploy.0 = Debug|Any CPU
		{17EA0C9E-EC9D-4DC1-AFC0-08DE0FDF72C5}.Debug|ARM.ActiveCfg = Debug|Any CPU
		{17EA0C9E-EC9D-4DC1-AFC0-08DE0FDF72C5}.Debug|ARM.Build.0 = Debug|Any CPU
		{17EA0C9E-EC9D-4DC1-AFC0-08DE0FDF72C5}.Debug|ARM.Deploy.0 = Debug|Any CPU
		{17EA0C9E-EC9D-4DC1-AFC0-08DE0FDF72C5}.Debug|x64.ActiveCfg = Debug|Any CPU
		{17EA0C9E-EC9D-4DC1-AFC0-08DE0FDF72C5}.Debug|x64.Build.0 = Debug|Any CPU
		{17EA0C9E-EC9D-4DC1-AFC0-08DE0FDF72C5}.Debug|x64.Deploy.0 = Debug|Any CPU
		{17EA0C9E-EC9D-4DC1-AFC0-08DE0FDF72C5}.Debug|x86.ActiveCfg = Debug|Any CPU
		{17EA0C9E-EC9D-4DC1-AFC0-08DE0FDF72C5}.Debug|x86.Build.0 = Debug|Any CPU
		{17EA0C9E-EC9D-4DC1-AFC0-08DE0FDF72C5}.Debug|x86.Deploy.0 = Debug|Any CPU
		{17EA0C9E-EC9D-4DC1-AFC0-08DE0FDF72C5}.Release|Any CPU.ActiveCfg = Release|Any CPU
		{17EA0C9E-EC9D-4DC1-AFC0-08DE0FDF72C5}.Release|Any CPU.Build.0 = Release|Any CPU
		{17EA0C9E-EC9D-4DC1-AFC0-08DE0FDF72C5}.Release|Any CPU.Deploy.0 = Release|Any CPU
		{17EA0C9E-EC9D-4DC1-AFC0-08DE0FDF72C5}.Release|ARM.ActiveCfg = Release|Any CPU
		{17EA0C9E-EC9D-4DC1-AFC0-08DE0FDF72C5}.Release|ARM.Build.0 = Release|Any CPU
		{17EA0C9E-EC9D-4DC1-AFC0-08DE0FDF72C5}.Release|ARM.Deploy.0 = Release|Any CPU
		{17EA0C9E-EC9D-4DC1-AFC0-08DE0FDF72C5}.Release|x64.ActiveCfg = Release|Any CPU
		{17EA0C9E-EC9D-4DC1-AFC0-08DE0FDF72C5}.Release|x64.Build.0 = Release|Any CPU
		{17EA0C9E-EC9D-4DC1-AFC0-08DE0FDF72C5}.Release|x64.Deploy.0 = Release|Any CPU
		{17EA0C9E-EC9D-4DC1-AFC0-08DE0FDF72C5}.Release|x86.ActiveCfg = Release|Any CPU
		{17EA0C9E-EC9D-4DC1-AFC0-08DE0FDF72C5}.Release|x86.Build.0 = Release|Any CPU
		{17EA0C9E-EC9D-4DC1-AFC0-08DE0FDF72C5}.Release|x86.Deploy.0 = Release|Any CPU
		{CA075E49-D4A8-4D20-AB5D-F526C93DF53D}.Debug|Any CPU.ActiveCfg = Debug|Any CPU
		{CA075E49-D4A8-4D20-AB5D-F526C93DF53D}.Debug|Any CPU.Build.0 = Debug|Any CPU
		{CA075E49-D4A8-4D20-AB5D-F526C93DF53D}.Debug|Any CPU.Deploy.0 = Debug|Any CPU
		{CA075E49-D4A8-4D20-AB5D-F526C93DF53D}.Debug|ARM.ActiveCfg = Debug|Any CPU
		{CA075E49-D4A8-4D20-AB5D-F526C93DF53D}.Debug|ARM.Build.0 = Debug|Any CPU
		{CA075E49-D4A8-4D20-AB5D-F526C93DF53D}.Debug|ARM.Deploy.0 = Debug|Any CPU
		{CA075E49-D4A8-4D20-AB5D-F526C93DF53D}.Debug|x64.ActiveCfg = Debug|Any CPU
		{CA075E49-D4A8-4D20-AB5D-F526C93DF53D}.Debug|x64.Build.0 = Debug|Any CPU
		{CA075E49-D4A8-4D20-AB5D-F526C93DF53D}.Debug|x64.Deploy.0 = Debug|Any CPU
		{CA075E49-D4A8-4D20-AB5D-F526C93DF53D}.Debug|x86.ActiveCfg = Debug|Any CPU
		{CA075E49-D4A8-4D20-AB5D-F526C93DF53D}.Debug|x86.Build.0 = Debug|Any CPU
		{CA075E49-D4A8-4D20-AB5D-F526C93DF53D}.Debug|x86.Deploy.0 = Debug|Any CPU
		{CA075E49-D4A8-4D20-AB5D-F526C93DF53D}.Release|Any CPU.ActiveCfg = Release|Any CPU
		{CA075E49-D4A8-4D20-AB5D-F526C93DF53D}.Release|Any CPU.Build.0 = Release|Any CPU
		{CA075E49-D4A8-4D20-AB5D-F526C93DF53D}.Release|Any CPU.Deploy.0 = Release|Any CPU
		{CA075E49-D4A8-4D20-AB5D-F526C93DF53D}.Release|ARM.ActiveCfg = Release|Any CPU
		{CA075E49-D4A8-4D20-AB5D-F526C93DF53D}.Release|ARM.Build.0 = Release|Any CPU
		{CA075E49-D4A8-4D20-AB5D-F526C93DF53D}.Release|ARM.Deploy.0 = Release|Any CPU
		{CA075E49-D4A8-4D20-AB5D-F526C93DF53D}.Release|x64.ActiveCfg = Release|Any CPU
		{CA075E49-D4A8-4D20-AB5D-F526C93DF53D}.Release|x64.Build.0 = Release|Any CPU
		{CA075E49-D4A8-4D20-AB5D-F526C93DF53D}.Release|x64.Deploy.0 = Release|Any CPU
		{CA075E49-D4A8-4D20-AB5D-F526C93DF53D}.Release|x86.ActiveCfg = Release|Any CPU
		{CA075E49-D4A8-4D20-AB5D-F526C93DF53D}.Release|x86.Build.0 = Release|Any CPU
		{CA075E49-D4A8-4D20-AB5D-F526C93DF53D}.Release|x86.Deploy.0 = Release|Any CPU
		{18A5D473-A8D3-49D2-B8CE-E5F62493B3A1}.Debug|Any CPU.ActiveCfg = Debug|x86
		{18A5D473-A8D3-49D2-B8CE-E5F62493B3A1}.Debug|ARM.ActiveCfg = Debug|ARM
		{18A5D473-A8D3-49D2-B8CE-E5F62493B3A1}.Debug|ARM.Build.0 = Debug|ARM
		{18A5D473-A8D3-49D2-B8CE-E5F62493B3A1}.Debug|ARM.Deploy.0 = Debug|ARM
		{18A5D473-A8D3-49D2-B8CE-E5F62493B3A1}.Debug|x64.ActiveCfg = Debug|x64
		{18A5D473-A8D3-49D2-B8CE-E5F62493B3A1}.Debug|x64.Build.0 = Debug|x64
		{18A5D473-A8D3-49D2-B8CE-E5F62493B3A1}.Debug|x64.Deploy.0 = Debug|x64
		{18A5D473-A8D3-49D2-B8CE-E5F62493B3A1}.Debug|x86.ActiveCfg = Debug|x86
		{18A5D473-A8D3-49D2-B8CE-E5F62493B3A1}.Debug|x86.Build.0 = Debug|x86
		{18A5D473-A8D3-49D2-B8CE-E5F62493B3A1}.Debug|x86.Deploy.0 = Debug|x86
		{18A5D473-A8D3-49D2-B8CE-E5F62493B3A1}.Release|Any CPU.ActiveCfg = Release|x86
		{18A5D473-A8D3-49D2-B8CE-E5F62493B3A1}.Release|ARM.ActiveCfg = Release|ARM
		{18A5D473-A8D3-49D2-B8CE-E5F62493B3A1}.Release|ARM.Build.0 = Release|ARM
		{18A5D473-A8D3-49D2-B8CE-E5F62493B3A1}.Release|ARM.Deploy.0 = Release|ARM
		{18A5D473-A8D3-49D2-B8CE-E5F62493B3A1}.Release|x64.ActiveCfg = Release|x64
		{18A5D473-A8D3-49D2-B8CE-E5F62493B3A1}.Release|x64.Build.0 = Release|x64
		{18A5D473-A8D3-49D2-B8CE-E5F62493B3A1}.Release|x64.Deploy.0 = Release|x64
		{18A5D473-A8D3-49D2-B8CE-E5F62493B3A1}.Release|x86.ActiveCfg = Release|x86
		{18A5D473-A8D3-49D2-B8CE-E5F62493B3A1}.Release|x86.Build.0 = Release|x86
		{18A5D473-A8D3-49D2-B8CE-E5F62493B3A1}.Release|x86.Deploy.0 = Release|x86
		{E6746793-AD95-4C60-B75A-591CC298796C}.Debug|Any CPU.ActiveCfg = Debug|Any CPU
		{E6746793-AD95-4C60-B75A-591CC298796C}.Debug|Any CPU.Build.0 = Debug|Any CPU
		{E6746793-AD95-4C60-B75A-591CC298796C}.Debug|ARM.ActiveCfg = Debug|Any CPU
		{E6746793-AD95-4C60-B75A-591CC298796C}.Debug|ARM.Build.0 = Debug|Any CPU
		{E6746793-AD95-4C60-B75A-591CC298796C}.Debug|x64.ActiveCfg = Debug|Any CPU
		{E6746793-AD95-4C60-B75A-591CC298796C}.Debug|x64.Build.0 = Debug|Any CPU
		{E6746793-AD95-4C60-B75A-591CC298796C}.Debug|x86.ActiveCfg = Debug|Any CPU
		{E6746793-AD95-4C60-B75A-591CC298796C}.Debug|x86.Build.0 = Debug|Any CPU
		{E6746793-AD95-4C60-B75A-591CC298796C}.Release|Any CPU.ActiveCfg = Release|Any CPU
		{E6746793-AD95-4C60-B75A-591CC298796C}.Release|Any CPU.Build.0 = Release|Any CPU
		{E6746793-AD95-4C60-B75A-591CC298796C}.Release|ARM.ActiveCfg = Release|Any CPU
		{E6746793-AD95-4C60-B75A-591CC298796C}.Release|ARM.Build.0 = Release|Any CPU
		{E6746793-AD95-4C60-B75A-591CC298796C}.Release|x64.ActiveCfg = Release|Any CPU
		{E6746793-AD95-4C60-B75A-591CC298796C}.Release|x64.Build.0 = Release|Any CPU
		{E6746793-AD95-4C60-B75A-591CC298796C}.Release|x86.ActiveCfg = Release|Any CPU
		{E6746793-AD95-4C60-B75A-591CC298796C}.Release|x86.Build.0 = Release|Any CPU
	EndGlobalSection
	GlobalSection(SolutionProperties) = preSolution
		HideSolutionNode = FALSE
	EndGlobalSection
	GlobalSection(ExtensibilityGlobals) = postSolution
		SolutionGuid = {D79D5268-6A15-40C1-8A27-B59386FA34E8}
	EndGlobalSection
EndGlobal
